
Microsoft Visual Studio Solution File, Format Version 12.00
# Visual Studio Version 17
VisualStudioVersion = 17.8.34408.163
MinimumVisualStudioVersion = 10.0.40219.1
Project("{FAE04EC0-301F-11D3-BF4B-00C04F79EFBC}") = "XamarinSampleTwo.Android", "XamarinSampleTwo\XamarinSampleTwo.Android\XamarinSampleTwo.Android.csproj", "{02592E34-749C-45A0-BE15-023E7961720C}"
EndProject
Project("{FAE04EC0-301F-11D3-BF4B-00C04F79EFBC}") = "XamarinSampleTwo.iOS", "XamarinSampleTwo\XamarinSampleTwo.iOS\XamarinSampleTwo.iOS.csproj", "{A0BAE5B4-2EE6-4D0A-9D0C-B078397838A1}"
EndProject
Project("{FAE04EC0-301F-11D3-BF4B-00C04F79EFBC}") = "XamarinSampleTwo", "XamarinSampleTwo\XamarinSampleTwo\XamarinSampleTwo.csproj", "{B765A661-0D34-4A3A-874E-08FEF731CEBC}"
EndProject
Global
	GlobalSection(SolutionConfigurationPlatforms) = preSolution
		Debug|Any CPU = Debug|Any CPU
		Debug|iPhone = Debug|iPhone
		Debug|iPhoneSimulator = Debug|iPhoneSimulator
		Release|Any CPU = Release|Any CPU
		Release|iPhone = Release|iPhone
		Release|iPhoneSimulator = Release|iPhoneSimulator
	EndGlobalSection
	GlobalSection(ProjectConfigurationPlatforms) = postSolution
		{02592E34-749C-45A0-BE15-023E7961720C}.Debug|Any CPU.ActiveCfg = Debug|Any CPU
		{02592E34-749C-45A0-BE15-023E7961720C}.Debug|Any CPU.Build.0 = Debug|Any CPU
		{02592E34-749C-45A0-BE15-023E7961720C}.Debug|Any CPU.Deploy.0 = Debug|Any CPU
		{02592E34-749C-45A0-BE15-023E7961720C}.Debug|iPhone.ActiveCfg = Debug|Any CPU
		{02592E34-749C-45A0-BE15-023E7961720C}.Debug|iPhone.Build.0 = Debug|Any CPU
		{02592E34-749C-45A0-BE15-023E7961720C}.Debug|iPhone.Deploy.0 = Debug|Any CPU
		{02592E34-749C-45A0-BE15-023E7961720C}.Debug|iPhoneSimulator.ActiveCfg = Debug|Any CPU
		{02592E34-749C-45A0-BE15-023E7961720C}.Debug|iPhoneSimulator.Build.0 = Debug|Any CPU
		{02592E34-749C-45A0-BE15-023E7961720C}.Debug|iPhoneSimulator.Deploy.0 = Debug|Any CPU
		{02592E34-749C-45A0-BE15-023E7961720C}.Release|Any CPU.ActiveCfg = Release|Any CPU
		{02592E34-749C-45A0-BE15-023E7961720C}.Release|Any CPU.Build.0 = Release|Any CPU
		{02592E34-749C-45A0-BE15-023E7961720C}.Release|Any CPU.Deploy.0 = Release|Any CPU
		{02592E34-749C-45A0-BE15-023E7961720C}.Release|iPhone.ActiveCfg = Release|Any CPU
		{02592E34-749C-45A0-BE15-023E7961720C}.Release|iPhone.Build.0 = Release|Any CPU
		{02592E34-749C-45A0-BE15-023E7961720C}.Release|iPhone.Deploy.0 = Release|Any CPU
		{02592E34-749C-45A0-BE15-023E7961720C}.Release|iPhoneSimulator.ActiveCfg = Release|Any CPU
		{02592E34-749C-45A0-BE15-023E7961720C}.Release|iPhoneSimulator.Build.0 = Release|Any CPU
		{02592E34-749C-45A0-BE15-023E7961720C}.Release|iPhoneSimulator.Deploy.0 = Release|Any CPU
		{A0BAE5B4-2EE6-4D0A-9D0C-B078397838A1}.Debug|Any CPU.ActiveCfg = Debug|iPhone
		{A0BAE5B4-2EE6-4D0A-9D0C-B078397838A1}.Debug|Any CPU.Build.0 = Debug|iPhone
		{A0BAE5B4-2EE6-4D0A-9D0C-B078397838A1}.Debug|Any CPU.Deploy.0 = Debug|iPhone
		{A0BAE5B4-2EE6-4D0A-9D0C-B078397838A1}.Debug|iPhone.ActiveCfg = Debug|iPhone
		{A0BAE5B4-2EE6-4D0A-9D0C-B078397838A1}.Debug|iPhone.Build.0 = Debug|iPhone
		{A0BAE5B4-2EE6-4D0A-9D0C-B078397838A1}.Debug|iPhone.Deploy.0 = Debug|iPhone
		{A0BAE5B4-2EE6-4D0A-9D0C-B078397838A1}.Debug|iPhoneSimulator.ActiveCfg = Debug|iPhoneSimulator
		{A0BAE5B4-2EE6-4D0A-9D0C-B078397838A1}.Debug|iPhoneSimulator.Build.0 = Debug|iPhoneSimulator
		{A0BAE5B4-2EE6-4D0A-9D0C-B078397838A1}.Debug|iPhoneSimulator.Deploy.0 = Debug|iPhoneSimulator
		{A0BAE5B4-2EE6-4D0A-9D0C-B078397838A1}.Release|Any CPU.ActiveCfg = Release|iPhoneSimulator
		{A0BAE5B4-2EE6-4D0A-9D0C-B078397838A1}.Release|Any CPU.Build.0 = Release|iPhoneSimulator
		{A0BAE5B4-2EE6-4D0A-9D0C-B078397838A1}.Release|Any CPU.Deploy.0 = Release|iPhoneSimulator
		{A0BAE5B4-2EE6-4D0A-9D0C-B078397838A1}.Release|iPhone.ActiveCfg = Release|iPhone
		{A0BAE5B4-2EE6-4D0A-9D0C-B078397838A1}.Release|iPhone.Build.0 = Release|iPhone
		{A0BAE5B4-2EE6-4D0A-9D0C-B078397838A1}.Release|iPhone.Deploy.0 = Release|iPhone
		{A0BAE5B4-2EE6-4D0A-9D0C-B078397838A1}.Release|iPhoneSimulator.ActiveCfg = Release|iPhoneSimulator
		{A0BAE5B4-2EE6-4D0A-9D0C-B078397838A1}.Release|iPhoneSimulator.Build.0 = Release|iPhoneSimulator
		{A0BAE5B4-2EE6-4D0A-9D0C-B078397838A1}.Release|iPhoneSimulator.Deploy.0 = Release|iPhoneSimulator
		{B765A661-0D34-4A3A-874E-08FEF731CEBC}.Debug|Any CPU.ActiveCfg = Debug|Any CPU
		{B765A661-0D34-4A3A-874E-08FEF731CEBC}.Debug|Any CPU.Build.0 = Debug|Any CPU
		{B765A661-0D34-4A3A-874E-08FEF731CEBC}.Debug|Any CPU.Deploy.0 = Debug|Any CPU
		{B765A661-0D34-4A3A-874E-08FEF731CEBC}.Debug|iPhone.ActiveCfg = Debug|Any CPU
		{B765A661-0D34-4A3A-874E-08FEF731CEBC}.Debug|iPhone.Build.0 = Debug|Any CPU
		{B765A661-0D34-4A3A-874E-08FEF731CEBC}.Debug|iPhone.Deploy.0 = Debug|Any CPU
		{B765A661-0D34-4A3A-874E-08FEF731CEBC}.Debug|iPhoneSimulator.ActiveCfg = Debug|Any CPU
		{B765A661-0D34-4A3A-874E-08FEF731CEBC}.Debug|iPhoneSimulator.Build.0 = Debug|Any CPU
		{B765A661-0D34-4A3A-874E-08FEF731CEBC}.Debug|iPhoneSimulator.Deploy.0 = Debug|Any CPU
		{B765A661-0D34-4A3A-874E-08FEF731CEBC}.Release|Any CPU.ActiveCfg = Release|Any CPU
		{B765A661-0D34-4A3A-874E-08FEF731CEBC}.Release|Any CPU.Build.0 = Release|Any CPU
		{B765A661-0D34-4A3A-874E-08FEF731CEBC}.Release|Any CPU.Deploy.0 = Release|Any CPU
		{B765A661-0D34-4A3A-874E-08FEF731CEBC}.Release|iPhone.ActiveCfg = Release|Any CPU
		{B765A661-0D34-4A3A-874E-08FEF731CEBC}.Release|iPhone.Build.0 = Release|Any CPU
		{B765A661-0D34-4A3A-874E-08FEF731CEBC}.Release|iPhone.Deploy.0 = Release|Any CPU
		{B765A661-0D34-4A3A-874E-08FEF731CEBC}.Release|iPhoneSimulator.ActiveCfg = Release|Any CPU
		{B765A661-0D34-4A3A-874E-08FEF731CEBC}.Release|iPhoneSimulator.Build.0 = Release|Any CPU
		{B765A661-0D34-4A3A-874E-08FEF731CEBC}.Release|iPhoneSimulator.Deploy.0 = Release|Any CPU
	EndGlobalSection
	GlobalSection(SolutionProperties) = preSolution
		HideSolutionNode = FALSE
	EndGlobalSection
	GlobalSection(ExtensibilityGlobals) = postSolution
		SolutionGuid = {D1121A29-4916-4763-BEDD-262914D722DF}
	EndGlobalSection
EndGlobal
